
Microsoft Visual Studio Solution File, Format Version 12.00
# Visual Studio 15
Project("{FAE04EC0-301F-11D3-BF4B-00C04F79EFBC}") = "Assembly-CSharp", "Assembly-CSharp.csproj", "{93AB6AD5-8A16-4105-FE9F-67DC371EB897}"
EndProject
Project("{FAE04EC0-301F-11D3-BF4B-00C04F79EFBC}") = "Assembly-CSharp-Editor", "Assembly-CSharp-Editor.csproj", "{8F822B01-7CD9-9706-55B3-61E752483E6F}"
EndProject
Global
	GlobalSection(SolutionConfigurationPlatforms) = preSolution
		Debug|Any CPU = Debug|Any CPU
		Release|Any CPU = Release|Any CPU
	EndGlobalSection
	GlobalSection(ProjectConfigurationPlatforms) = postSolution
		{93AB6AD5-8A16-4105-FE9F-67DC371EB897}.Debug|Any CPU.ActiveCfg = Debug|Any CPU
		{93AB6AD5-8A16-4105-FE9F-67DC371EB897}.Debug|Any CPU.Build.0 = Debug|Any CPU
		{93AB6AD5-8A16-4105-FE9F-67DC371EB897}.Release|Any CPU.ActiveCfg = Release|Any CPU
		{93AB6AD5-8A16-4105-FE9F-67DC371EB897}.Release|Any CPU.Build.0 = Release|Any CPU
		{8F822B01-7CD9-9706-55B3-61E752483E6F}.Debug|Any CPU.ActiveCfg = Debug|Any CPU
		{8F822B01-7CD9-9706-55B3-61E752483E6F}.Debug|Any CPU.Build.0 = Debug|Any CPU
		{8F822B01-7CD9-9706-55B3-61E752483E6F}.Release|Any CPU.ActiveCfg = Release|Any CPU
		{8F822B01-7CD9-9706-55B3-61E752483E6F}.Release|Any CPU.Build.0 = Release|Any CPU
	EndGlobalSection
	GlobalSection(SolutionProperties) = preSolution
		HideSolutionNode = FALSE
	EndGlobalSection
	GlobalSection(MonoDevelopProperties) = preSolution
		StartupItem = Assembly-CSharp.csproj
	EndGlobalSection
EndGlobal
